
Microsoft Visual Studio Solution File, Format Version 12.00
# Visual Studio Version 17
VisualStudioVersion = 17.10.34916.146
MinimumVisualStudioVersion = 10.0.40219.1
Project("{FAE04EC0-301F-11D3-BF4B-00C04F79EFBC}") = "arrayIsprime", "arrayIsprime\arrayIsprime.csproj", "{F8971ADF-661F-43F6-9C07-F2EB0F5C24C7}"
EndProject
Global
	GlobalSection(SolutionConfigurationPlatforms) = preSolution
		Debug|Any CPU = Debug|Any CPU
		Release|Any CPU = Release|Any CPU
	EndGlobalSection
	GlobalSection(ProjectConfigurationPlatforms) = postSolution
		{F8971ADF-661F-43F6-9C07-F2EB0F5C24C7}.Debug|Any CPU.ActiveCfg = Debug|Any CPU
		{F8971ADF-661F-43F6-9C07-F2EB0F5C24C7}.Debug|Any CPU.Build.0 = Debug|Any CPU
		{F8971ADF-661F-43F6-9C07-F2EB0F5C24C7}.Release|Any CPU.ActiveCfg = Release|Any CPU
		{F8971ADF-661F-43F6-9C07-F2EB0F5C24C7}.Release|Any CPU.Build.0 = Release|Any CPU
	EndGlobalSection
	GlobalSection(SolutionProperties) = preSolution
		HideSolutionNode = FALSE
	EndGlobalSection
	GlobalSection(ExtensibilityGlobals) = postSolution
		SolutionGuid = {2C811C64-2177-4307-A5D2-BA428CEB07C6}
	EndGlobalSection
EndGlobal
